
Microsoft Visual Studio Solution File, Format Version 12.00
# Visual Studio Version 16
VisualStudioVersion = 16.0.30114.105
MinimumVisualStudioVersion = 10.0.40219.1
Project("{2150E333-8FDC-42A3-9474-1A3956D46DE8}") = "src", "src", "{4C776245-EEB0-4AD7-A317-86FF6E5A77A4}"
EndProject
Project("{FAE04EC0-301F-11D3-BF4B-00C04F79EFBC}") = "Entities", "src\Entities\Entities.csproj", "{B55D57EC-3B98-4AB0-88C9-3E337EC656E9}"
EndProject
Project("{FAE04EC0-301F-11D3-BF4B-00C04F79EFBC}") = "Repositories", "src\Repositories\Repositories.csproj", "{7D13BDE8-5844-4DC0-A0F0-3F048235A37E}"
EndProject
Project("{FAE04EC0-301F-11D3-BF4B-00C04F79EFBC}") = "RestApi", "src\RestApi\RestApi.csproj", "{A50DECA1-875E-40C1-8E7D-0603D37B23D6}"
EndProject
Project("{FAE04EC0-301F-11D3-BF4B-00C04F79EFBC}") = "Services", "src\Services\Services.csproj", "{2D1BD6A9-43AA-4502-917D-FCA34C302FFE}"
EndProject
Project("{2150E333-8FDC-42A3-9474-1A3956D46DE8}") = "tests", "tests", "{376D19C8-C042-4654-ABEF-6504E77DABA3}"
EndProject
Project("{FAE04EC0-301F-11D3-BF4B-00C04F79EFBC}") = "RestApi.Test", "tests\RestApi.Test\RestApi.Test.csproj", "{EE61CC04-596A-4E46-B783-65DD9A6AB02F}"
EndProject
Project("{FAE04EC0-301F-11D3-BF4B-00C04F79EFBC}") = "Helpers", "src\Helpers\Helpers.csproj", "{E8715071-E445-47B4-8669-43894777FAB5}"
EndProject
Project("{FAE04EC0-301F-11D3-BF4B-00C04F79EFBC}") = "Enum", "src\Enum\Enum.csproj", "{DC973CBD-981C-4CAF-8AC2-100DC83BFE9E}"
EndProject
Global
	GlobalSection(SolutionConfigurationPlatforms) = preSolution
		Debug|Any CPU = Debug|Any CPU
		Debug|x64 = Debug|x64
		Debug|x86 = Debug|x86
		Release|Any CPU = Release|Any CPU
		Release|x64 = Release|x64
		Release|x86 = Release|x86
	EndGlobalSection
	GlobalSection(SolutionProperties) = preSolution
		HideSolutionNode = FALSE
	EndGlobalSection
	GlobalSection(ProjectConfigurationPlatforms) = postSolution
		{B55D57EC-3B98-4AB0-88C9-3E337EC656E9}.Debug|Any CPU.ActiveCfg = Debug|Any CPU
		{B55D57EC-3B98-4AB0-88C9-3E337EC656E9}.Debug|Any CPU.Build.0 = Debug|Any CPU
		{B55D57EC-3B98-4AB0-88C9-3E337EC656E9}.Debug|x64.ActiveCfg = Debug|Any CPU
		{B55D57EC-3B98-4AB0-88C9-3E337EC656E9}.Debug|x64.Build.0 = Debug|Any CPU
		{B55D57EC-3B98-4AB0-88C9-3E337EC656E9}.Debug|x86.ActiveCfg = Debug|Any CPU
		{B55D57EC-3B98-4AB0-88C9-3E337EC656E9}.Debug|x86.Build.0 = Debug|Any CPU
		{B55D57EC-3B98-4AB0-88C9-3E337EC656E9}.Release|Any CPU.ActiveCfg = Release|Any CPU
		{B55D57EC-3B98-4AB0-88C9-3E337EC656E9}.Release|Any CPU.Build.0 = Release|Any CPU
		{B55D57EC-3B98-4AB0-88C9-3E337EC656E9}.Release|x64.ActiveCfg = Release|Any CPU
		{B55D57EC-3B98-4AB0-88C9-3E337EC656E9}.Release|x64.Build.0 = Release|Any CPU
		{B55D57EC-3B98-4AB0-88C9-3E337EC656E9}.Release|x86.ActiveCfg = Release|Any CPU
		{B55D57EC-3B98-4AB0-88C9-3E337EC656E9}.Release|x86.Build.0 = Release|Any CPU
		{7D13BDE8-5844-4DC0-A0F0-3F048235A37E}.Debug|Any CPU.ActiveCfg = Debug|Any CPU
		{7D13BDE8-5844-4DC0-A0F0-3F048235A37E}.Debug|Any CPU.Build.0 = Debug|Any CPU
		{7D13BDE8-5844-4DC0-A0F0-3F048235A37E}.Debug|x64.ActiveCfg = Debug|Any CPU
		{7D13BDE8-5844-4DC0-A0F0-3F048235A37E}.Debug|x64.Build.0 = Debug|Any CPU
		{7D13BDE8-5844-4DC0-A0F0-3F048235A37E}.Debug|x86.ActiveCfg = Debug|Any CPU
		{7D13BDE8-5844-4DC0-A0F0-3F048235A37E}.Debug|x86.Build.0 = Debug|Any CPU
		{7D13BDE8-5844-4DC0-A0F0-3F048235A37E}.Release|Any CPU.ActiveCfg = Release|Any CPU
		{7D13BDE8-5844-4DC0-A0F0-3F048235A37E}.Release|Any CPU.Build.0 = Release|Any CPU
		{7D13BDE8-5844-4DC0-A0F0-3F048235A37E}.Release|x64.ActiveCfg = Release|Any CPU
		{7D13BDE8-5844-4DC0-A0F0-3F048235A37E}.Release|x64.Build.0 = Release|Any CPU
		{7D13BDE8-5844-4DC0-A0F0-3F048235A37E}.Release|x86.ActiveCfg = Release|Any CPU
		{7D13BDE8-5844-4DC0-A0F0-3F048235A37E}.Release|x86.Build.0 = Release|Any CPU
		{A50DECA1-875E-40C1-8E7D-0603D37B23D6}.Debug|Any CPU.ActiveCfg = Debug|Any CPU
		{A50DECA1-875E-40C1-8E7D-0603D37B23D6}.Debug|Any CPU.Build.0 = Debug|Any CPU
		{A50DECA1-875E-40C1-8E7D-0603D37B23D6}.Debug|x64.ActiveCfg = Debug|Any CPU
		{A50DECA1-875E-40C1-8E7D-0603D37B23D6}.Debug|x64.Build.0 = Debug|Any CPU
		{A50DECA1-875E-40C1-8E7D-0603D37B23D6}.Debug|x86.ActiveCfg = Debug|Any CPU
		{A50DECA1-875E-40C1-8E7D-0603D37B23D6}.Debug|x86.Build.0 = Debug|Any CPU
		{A50DECA1-875E-40C1-8E7D-0603D37B23D6}.Release|Any CPU.ActiveCfg = Release|Any CPU
		{A50DECA1-875E-40C1-8E7D-0603D37B23D6}.Release|Any CPU.Build.0 = Release|Any CPU
		{A50DECA1-875E-40C1-8E7D-0603D37B23D6}.Release|x64.ActiveCfg = Release|Any CPU
		{A50DECA1-875E-40C1-8E7D-0603D37B23D6}.Release|x64.Build.0 = Release|Any CPU
		{A50DECA1-875E-40C1-8E7D-0603D37B23D6}.Release|x86.ActiveCfg = Release|Any CPU
		{A50DECA1-875E-40C1-8E7D-0603D37B23D6}.Release|x86.Build.0 = Release|Any CPU
		{2D1BD6A9-43AA-4502-917D-FCA34C302FFE}.Debug|Any CPU.ActiveCfg = Debug|Any CPU
		{2D1BD6A9-43AA-4502-917D-FCA34C302FFE}.Debug|Any CPU.Build.0 = Debug|Any CPU
		{2D1BD6A9-43AA-4502-917D-FCA34C302FFE}.Debug|x64.ActiveCfg = Debug|Any CPU
		{2D1BD6A9-43AA-4502-917D-FCA34C302FFE}.Debug|x64.Build.0 = Debug|Any CPU
		{2D1BD6A9-43AA-4502-917D-FCA34C302FFE}.Debug|x86.ActiveCfg = Debug|Any CPU
		{2D1BD6A9-43AA-4502-917D-FCA34C302FFE}.Debug|x86.Build.0 = Debug|Any CPU
		{2D1BD6A9-43AA-4502-917D-FCA34C302FFE}.Release|Any CPU.ActiveCfg = Release|Any CPU
		{2D1BD6A9-43AA-4502-917D-FCA34C302FFE}.Release|Any CPU.Build.0 = Release|Any CPU
		{2D1BD6A9-43AA-4502-917D-FCA34C302FFE}.Release|x64.ActiveCfg = Release|Any CPU
		{2D1BD6A9-43AA-4502-917D-FCA34C302FFE}.Release|x64.Build.0 = Release|Any CPU
		{2D1BD6A9-43AA-4502-917D-FCA34C302FFE}.Release|x86.ActiveCfg = Release|Any CPU
		{2D1BD6A9-43AA-4502-917D-FCA34C302FFE}.Release|x86.Build.0 = Release|Any CPU
		{EE61CC04-596A-4E46-B783-65DD9A6AB02F}.Debug|Any CPU.ActiveCfg = Debug|Any CPU
		{EE61CC04-596A-4E46-B783-65DD9A6AB02F}.Debug|Any CPU.Build.0 = Debug|Any CPU
		{EE61CC04-596A-4E46-B783-65DD9A6AB02F}.Debug|x64.ActiveCfg = Debug|Any CPU
		{EE61CC04-596A-4E46-B783-65DD9A6AB02F}.Debug|x64.Build.0 = Debug|Any CPU
		{EE61CC04-596A-4E46-B783-65DD9A6AB02F}.Debug|x86.ActiveCfg = Debug|Any CPU
		{EE61CC04-596A-4E46-B783-65DD9A6AB02F}.Debug|x86.Build.0 = Debug|Any CPU
		{EE61CC04-596A-4E46-B783-65DD9A6AB02F}.Release|Any CPU.ActiveCfg = Release|Any CPU
		{EE61CC04-596A-4E46-B783-65DD9A6AB02F}.Release|Any CPU.Build.0 = Release|Any CPU
		{EE61CC04-596A-4E46-B783-65DD9A6AB02F}.Release|x64.ActiveCfg = Release|Any CPU
		{EE61CC04-596A-4E46-B783-65DD9A6AB02F}.Release|x64.Build.0 = Release|Any CPU
		{EE61CC04-596A-4E46-B783-65DD9A6AB02F}.Release|x86.ActiveCfg = Release|Any CPU
		{EE61CC04-596A-4E46-B783-65DD9A6AB02F}.Release|x86.Build.0 = Release|Any CPU
		{E8715071-E445-47B4-8669-43894777FAB5}.Debug|Any CPU.ActiveCfg = Debug|Any CPU
		{E8715071-E445-47B4-8669-43894777FAB5}.Debug|Any CPU.Build.0 = Debug|Any CPU
		{E8715071-E445-47B4-8669-43894777FAB5}.Debug|x64.ActiveCfg = Debug|Any CPU
		{E8715071-E445-47B4-8669-43894777FAB5}.Debug|x64.Build.0 = Debug|Any CPU
		{E8715071-E445-47B4-8669-43894777FAB5}.Debug|x86.ActiveCfg = Debug|Any CPU
		{E8715071-E445-47B4-8669-43894777FAB5}.Debug|x86.Build.0 = Debug|Any CPU
		{E8715071-E445-47B4-8669-43894777FAB5}.Release|Any CPU.ActiveCfg = Release|Any CPU
		{E8715071-E445-47B4-8669-43894777FAB5}.Release|Any CPU.Build.0 = Release|Any CPU
		{E8715071-E445-47B4-8669-43894777FAB5}.Release|x64.ActiveCfg = Release|Any CPU
		{E8715071-E445-47B4-8669-43894777FAB5}.Release|x64.Build.0 = Release|Any CPU
		{E8715071-E445-47B4-8669-43894777FAB5}.Release|x86.ActiveCfg = Release|Any CPU
		{E8715071-E445-47B4-8669-43894777FAB5}.Release|x86.Build.0 = Release|Any CPU
		{DC973CBD-981C-4CAF-8AC2-100DC83BFE9E}.Debug|Any CPU.ActiveCfg = Debug|Any CPU
		{DC973CBD-981C-4CAF-8AC2-100DC83BFE9E}.Debug|Any CPU.Build.0 = Debug|Any CPU
		{DC973CBD-981C-4CAF-8AC2-100DC83BFE9E}.Debug|x64.ActiveCfg = Debug|Any CPU
		{DC973CBD-981C-4CAF-8AC2-100DC83BFE9E}.Debug|x64.Build.0 = Debug|Any CPU
		{DC973CBD-981C-4CAF-8AC2-100DC83BFE9E}.Debug|x86.ActiveCfg = Debug|Any CPU
		{DC973CBD-981C-4CAF-8AC2-100DC83BFE9E}.Debug|x86.Build.0 = Debug|Any CPU
		{DC973CBD-981C-4CAF-8AC2-100DC83BFE9E}.Release|Any CPU.ActiveCfg = Release|Any CPU
		{DC973CBD-981C-4CAF-8AC2-100DC83BFE9E}.Release|Any CPU.Build.0 = Release|Any CPU
		{DC973CBD-981C-4CAF-8AC2-100DC83BFE9E}.Release|x64.ActiveCfg = Release|Any CPU
		{DC973CBD-981C-4CAF-8AC2-100DC83BFE9E}.Release|x64.Build.0 = Release|Any CPU
		{DC973CBD-981C-4CAF-8AC2-100DC83BFE9E}.Release|x86.ActiveCfg = Release|Any CPU
		{DC973CBD-981C-4CAF-8AC2-100DC83BFE9E}.Release|x86.Build.0 = Release|Any CPU
	EndGlobalSection
	GlobalSection(NestedProjects) = preSolution
		{B55D57EC-3B98-4AB0-88C9-3E337EC656E9} = {4C776245-EEB0-4AD7-A317-86FF6E5A77A4}
		{7D13BDE8-5844-4DC0-A0F0-3F048235A37E} = {4C776245-EEB0-4AD7-A317-86FF6E5A77A4}
		{A50DECA1-875E-40C1-8E7D-0603D37B23D6} = {4C776245-EEB0-4AD7-A317-86FF6E5A77A4}
		{2D1BD6A9-43AA-4502-917D-FCA34C302FFE} = {4C776245-EEB0-4AD7-A317-86FF6E5A77A4}
		{EE61CC04-596A-4E46-B783-65DD9A6AB02F} = {376D19C8-C042-4654-ABEF-6504E77DABA3}
		{E8715071-E445-47B4-8669-43894777FAB5} = {4C776245-EEB0-4AD7-A317-86FF6E5A77A4}
		{DC973CBD-981C-4CAF-8AC2-100DC83BFE9E} = {4C776245-EEB0-4AD7-A317-86FF6E5A77A4}
	EndGlobalSection
EndGlobal
